
Microsoft Visual Studio Solution File, Format Version 12.00
# Visual Studio Version 17
VisualStudioVersion = 17.14.36203.30
MinimumVisualStudioVersion = 10.0.40219.1
Project("{FAE04EC0-301F-11D3-BF4B-00C04F79EFBC}") = "CakeBuild", "CakeBuild\CakeBuild.csproj", "{9D0E7D23-6741-4C0F-BBFC-7369ACAF2764}"
EndProject
Project("{FAE04EC0-301F-11D3-BF4B-00C04F79EFBC}") = "LocustHives", "LocustLogistics\LocustHives.csproj", "{9A601DCB-5BD3-4598-AD1E-396FFF33F6AE}"
EndProject
Global
	GlobalSection(SolutionConfigurationPlatforms) = preSolution
		Debug|Any CPU = Debug|Any CPU
		Release|Any CPU = Release|Any CPU
	EndGlobalSection
	GlobalSection(ProjectConfigurationPlatforms) = postSolution
		{9D0E7D23-6741-4C0F-BBFC-7369ACAF2764}.Debug|Any CPU.ActiveCfg = Debug|Any CPU
		{9D0E7D23-6741-4C0F-BBFC-7369ACAF2764}.Debug|Any CPU.Build.0 = Debug|Any CPU
		{9D0E7D23-6741-4C0F-BBFC-7369ACAF2764}.Release|Any CPU.ActiveCfg = Release|Any CPU
		{9D0E7D23-6741-4C0F-BBFC-7369ACAF2764}.Release|Any CPU.Build.0 = Release|Any CPU
		{9A601DCB-5BD3-4598-AD1E-396FFF33F6AE}.Debug|Any CPU.ActiveCfg = Debug|Any CPU
		{9A601DCB-5BD3-4598-AD1E-396FFF33F6AE}.Debug|Any CPU.Build.0 = Debug|Any CPU
		{9A601DCB-5BD3-4598-AD1E-396FFF33F6AE}.Release|Any CPU.ActiveCfg = Release|Any CPU
		{9A601DCB-5BD3-4598-AD1E-396FFF33F6AE}.Release|Any CPU.Build.0 = Release|Any CPU
	EndGlobalSection
	GlobalSection(SolutionProperties) = preSolution
		HideSolutionNode = FALSE
	EndGlobalSection
	GlobalSection(ExtensibilityGlobals) = postSolution
		SolutionGuid = {401B3A39-5694-4DB5-98D5-ECC3CF497A75}
	EndGlobalSection
EndGlobal
